
Microsoft Visual Studio Solution File, Format Version 12.00
# Visual Studio Version 16
VisualStudioVersion = 16.0.30309.148
MinimumVisualStudioVersion = 10.0.40219.1
Project("{FAE04EC0-301F-11D3-BF4B-00C04F79EFBC}") = "APILayer.Server", "APILayer\Server\APILayer.Server.csproj", "{0747D758-772C-4E94-9877-87626CB675ED}"
EndProject
Project("{FAE04EC0-301F-11D3-BF4B-00C04F79EFBC}") = "APILayer.Client", "APILayer\Client\APILayer.Client.csproj", "{979E9B2C-920C-4A94-9927-A03BF1A101B0}"
EndProject
Project("{FAE04EC0-301F-11D3-BF4B-00C04F79EFBC}") = "APILayer.Shared", "APILayer\Shared\APILayer.Shared.csproj", "{59FC584A-8118-4CC2-AA9C-3FFAA3BBE4DB}"
EndProject
Global
	GlobalSection(SolutionConfigurationPlatforms) = preSolution
		Debug|Any CPU = Debug|Any CPU
		Release|Any CPU = Release|Any CPU
	EndGlobalSection
	GlobalSection(ProjectConfigurationPlatforms) = postSolution
		{0747D758-772C-4E94-9877-87626CB675ED}.Debug|Any CPU.ActiveCfg = Debug|Any CPU
		{0747D758-772C-4E94-9877-87626CB675ED}.Debug|Any CPU.Build.0 = Debug|Any CPU
		{0747D758-772C-4E94-9877-87626CB675ED}.Release|Any CPU.ActiveCfg = Release|Any CPU
		{0747D758-772C-4E94-9877-87626CB675ED}.Release|Any CPU.Build.0 = Release|Any CPU
		{979E9B2C-920C-4A94-9927-A03BF1A101B0}.Debug|Any CPU.ActiveCfg = Debug|Any CPU
		{979E9B2C-920C-4A94-9927-A03BF1A101B0}.Debug|Any CPU.Build.0 = Debug|Any CPU
		{979E9B2C-920C-4A94-9927-A03BF1A101B0}.Release|Any CPU.ActiveCfg = Release|Any CPU
		{979E9B2C-920C-4A94-9927-A03BF1A101B0}.Release|Any CPU.Build.0 = Release|Any CPU
		{59FC584A-8118-4CC2-AA9C-3FFAA3BBE4DB}.Debug|Any CPU.ActiveCfg = Debug|Any CPU
		{59FC584A-8118-4CC2-AA9C-3FFAA3BBE4DB}.Debug|Any CPU.Build.0 = Debug|Any CPU
		{59FC584A-8118-4CC2-AA9C-3FFAA3BBE4DB}.Release|Any CPU.ActiveCfg = Release|Any CPU
		{59FC584A-8118-4CC2-AA9C-3FFAA3BBE4DB}.Release|Any CPU.Build.0 = Release|Any CPU
	EndGlobalSection
	GlobalSection(SolutionProperties) = preSolution
		HideSolutionNode = FALSE
	EndGlobalSection
	GlobalSection(ExtensibilityGlobals) = postSolution
		SolutionGuid = {7CB394A0-A3FC-4DB3-9F2F-58FEED04D9B5}
	EndGlobalSection
EndGlobal
